Microsoft Visual Studio Solution File, Format Version 12.00
# Visual Studio Version 17
VisualStudioVersion = 17.8.0.0
MinimumVisualStudioVersion = 17.8.0.0
Project("{9A19103F-16F7-4668-BE54-9A1E7A4F7556}") = "Test1.AppHost", "src\Test1.AppHost\Test1.AppHost.csproj", "{BACA5C37-5226-4EC6-8F67-71A8ACA06567}"
EndProject
Project("{9A19103F-16F7-4668-BE54-9A1E7A4F7556}") = "Test1.ServiceDefaults", "src\Test1.ServiceDefaults\Test1.ServiceDefaults.csproj", "{DC3B4A81-36D5-43F9-BB56-23CD86667EF7}"
EndProject
Project("{9A19103F-16F7-4668-BE54-9A1E7A4F7556}") = "Test1.ApiService", "src\Test1.ApiService\Test1.ApiService.csproj", "{A02F46E1-C316-4887-8FC3-59AF8A69FF50}"
EndProject
Project("{9A19103F-16F7-4668-BE54-9A1E7A4F7556}") = "Test1.Web", "src\Test1.Web\Test1.Web.csproj", "{DFB8E721-E50F-4E5D-9D9F-E662E25E0D64}"
EndProject
Project("{2150E333-8FDC-42A3-9474-1A3956D46DE8}") = "src", "src", "{13371686-C6BC-4414-B62E-5F8DA0A7BAA1}"
EndProject
Project("{FAE04EC0-301F-11D3-BF4B-00C04F79EFBC}") = "Test1.ApiService.Tests.Integration", "src\Test1.ApiService.Tests.Integration\Test1.ApiService.Tests.Integration.csproj", "{AB2C8F85-45E5-410A-A50A-2F3C0816BAF0}"
EndProject
Project("{FAE04EC0-301F-11D3-BF4B-00C04F79EFBC}") = "Test1.ApiService.Tests.Unit", "src\Test1.ApiService.Tests.Unit\Test1.ApiService.Tests.Unit.csproj", "{39A3A1FD-FF40-4668-A57D-98960EEAE4C1}"
EndProject
Project("{FAE04EC0-301F-11D3-BF4B-00C04F79EFBC}") = "Test1.Web.Tests.Unit", "src\Test1.Web.Tests.Unit\Test1.Web.Tests.Unit.csproj", "{A26DB05F-44A3-44F0-A935-19D8D0C19AB5}"
EndProject
Global
	GlobalSection(SolutionConfigurationPlatforms) = preSolution
		Debug|Any CPU = Debug|Any CPU
		Release|Any CPU = Release|Any CPU
	EndGlobalSection
	GlobalSection(ProjectConfigurationPlatforms) = postSolution
		{BACA5C37-5226-4EC6-8F67-71A8ACA06567}.Debug|Any CPU.ActiveCfg = Debug|Any CPU
		{BACA5C37-5226-4EC6-8F67-71A8ACA06567}.Debug|Any CPU.Build.0 = Debug|Any CPU
		{BACA5C37-5226-4EC6-8F67-71A8ACA06567}.Release|Any CPU.ActiveCfg = Release|Any CPU
		{BACA5C37-5226-4EC6-8F67-71A8ACA06567}.Release|Any CPU.Build.0 = Release|Any CPU
		{DC3B4A81-36D5-43F9-BB56-23CD86667EF7}.Debug|Any CPU.ActiveCfg = Debug|Any CPU
		{DC3B4A81-36D5-43F9-BB56-23CD86667EF7}.Debug|Any CPU.Build.0 = Debug|Any CPU
		{DC3B4A81-36D5-43F9-BB56-23CD86667EF7}.Release|Any CPU.ActiveCfg = Release|Any CPU
		{DC3B4A81-36D5-43F9-BB56-23CD86667EF7}.Release|Any CPU.Build.0 = Release|Any CPU
		{A02F46E1-C316-4887-8FC3-59AF8A69FF50}.Debug|Any CPU.ActiveCfg = Debug|Any CPU
		{A02F46E1-C316-4887-8FC3-59AF8A69FF50}.Debug|Any CPU.Build.0 = Debug|Any CPU
		{A02F46E1-C316-4887-8FC3-59AF8A69FF50}.Release|Any CPU.ActiveCfg = Release|Any CPU
		{A02F46E1-C316-4887-8FC3-59AF8A69FF50}.Release|Any CPU.Build.0 = Release|Any CPU
		{DFB8E721-E50F-4E5D-9D9F-E662E25E0D64}.Debug|Any CPU.ActiveCfg = Debug|Any CPU
		{DFB8E721-E50F-4E5D-9D9F-E662E25E0D64}.Debug|Any CPU.Build.0 = Debug|Any CPU
		{DFB8E721-E50F-4E5D-9D9F-E662E25E0D64}.Release|Any CPU.ActiveCfg = Release|Any CPU
		{DFB8E721-E50F-4E5D-9D9F-E662E25E0D64}.Release|Any CPU.Build.0 = Release|Any CPU
		{AB2C8F85-45E5-410A-A50A-2F3C0816BAF0}.Debug|Any CPU.ActiveCfg = Debug|Any CPU
		{AB2C8F85-45E5-410A-A50A-2F3C0816BAF0}.Debug|Any CPU.Build.0 = Debug|Any CPU
		{AB2C8F85-45E5-410A-A50A-2F3C0816BAF0}.Release|Any CPU.ActiveCfg = Release|Any CPU
		{AB2C8F85-45E5-410A-A50A-2F3C0816BAF0}.Release|Any CPU.Build.0 = Release|Any CPU
		{39A3A1FD-FF40-4668-A57D-98960EEAE4C1}.Debug|Any CPU.ActiveCfg = Debug|Any CPU
		{39A3A1FD-FF40-4668-A57D-98960EEAE4C1}.Debug|Any CPU.Build.0 = Debug|Any CPU
		{39A3A1FD-FF40-4668-A57D-98960EEAE4C1}.Release|Any CPU.ActiveCfg = Release|Any CPU
		{39A3A1FD-FF40-4668-A57D-98960EEAE4C1}.Release|Any CPU.Build.0 = Release|Any CPU
		{A26DB05F-44A3-44F0-A935-19D8D0C19AB5}.Debug|Any CPU.ActiveCfg = Debug|Any CPU
		{A26DB05F-44A3-44F0-A935-19D8D0C19AB5}.Debug|Any CPU.Build.0 = Debug|Any CPU
		{A26DB05F-44A3-44F0-A935-19D8D0C19AB5}.Release|Any CPU.ActiveCfg = Release|Any CPU
		{A26DB05F-44A3-44F0-A935-19D8D0C19AB5}.Release|Any CPU.Build.0 = Release|Any CPU
	EndGlobalSection
	GlobalSection(SolutionProperties) = preSolution
		HideSolutionNode = FALSE
	EndGlobalSection
	GlobalSection(ExtensibilityGlobals) = postSolution
		SolutionGuid = {18A833A9-1935-43D0-9876-A5492455CCE8}
	EndGlobalSection
	GlobalSection(NestedProjects) = preSolution
		{AB2C8F85-45E5-410A-A50A-2F3C0816BAF0} = {13371686-C6BC-4414-B62E-5F8DA0A7BAA1}
		{39A3A1FD-FF40-4668-A57D-98960EEAE4C1} = {13371686-C6BC-4414-B62E-5F8DA0A7BAA1}
		{A26DB05F-44A3-44F0-A935-19D8D0C19AB5} = {13371686-C6BC-4414-B62E-5F8DA0A7BAA1}
	EndGlobalSection
EndGlobal
